{
  "name": "contacts2js",
  "version": "0.2.1",
  "lockfileVersion": 2,
  "requires": true,
  "packages": {
    "": {
      "version": "0.2.1",
      "license": "ISC",
      "dependencies": {
        "csv-parse": "^4.14.1"
      }
    },
    "node_modules/csv-parse": {
      "version": "4.14.1",
      "resolved": "https://registry.npmjs.org/csv-parse/-/csv-parse-4.14.1.tgz",
      "integrity": "sha512-4wmcO7QbWtDAncGFaBwlWFPhEN4Akr64IbM4zvDwEOFekI8blLc04Nw7XjQjtSNy+3AUAgBgtUa9nWo5Cq89Xg=="
    }
  },
  "dependencies": {
    "csv-parse": {
      "version": "4.14.1",
      "resolved": "https://registry.npmjs.org/csv-parse/-/csv-parse-4.14.1.tgz",
      "integrity": "sha512-4wmcO7QbWtDAncGFaBwlWFPhEN4Akr64IbM4zvDwEOFekI8blLc04Nw7XjQjtSNy+3AUAgBgtUa9nWo5Cq89Xg=="
    }
  }
}
